{
  "name": "server",
  "version": "1.0.0",
  "lockfileVersion": 3,
  "requires": true,
  "packages": {
    "": {
      "name": "server",
      "version": "1.0.0",
      "license": "ISC",
      "dependencies": {
        "@fonoster/sdk": "^0.15.20",
        "@sendgrid/mail": "^8.1.6",
        "axios": "^1.13.0",
        "bcryptjs": "^3.0.2",
        "body-parser": "^2.2.0",
        "cloudinary": "^1.41.3",
        "cors": "^2.8.5",
        "dotenv": "^17.4.2",
        "express": "^5.1.0",
        "express-rate-limit": "^8.1.0",
        "firebase": "^12.5.0",
        "firebase-admin": "^13.6.0",
        "form-data": "^4.0.4",
        "helmet": "^8.1.0",
        "jsonwebtoken": "^9.0.2",
        "mongoose": "^8.19.2",
        "multer": "^2.0.2",
        "multer-storage-cloudinary": "^4.0.0",
        "node-fetch": "^2.7.0",
        "nodemailer": "^7.0.10",
        "openai": "^6.3.0",
        "twilio": "^5.10.3",
        "validator": "^13.15.20"
      },
      "devDependencies": {
        "nodemon": "^3.0.0"
      }
    }
  }
}
